
Microsoft Visual Studio Solution File, Format Version 12.00
# Visual Studio Version 17
VisualStudioVersion = 17.9.34714.143
MinimumVisualStudioVersion = 10.0.40219.1
Project("{8BC9CEB8-8B4A-11D0-8D11-00A0C91BC942}") = "DynamicParallelism", "DynamicParallelism\DynamicParallelism.vcxproj", "{95508320-D496-4091-91B5-947C77AD9763}"
EndProject
Global
	GlobalSection(SolutionConfigurationPlatforms) = preSolution
		Debug|x64 = Debug|x64
		Release|x64 = Release|x64
	EndGlobalSection
	GlobalSection(ProjectConfigurationPlatforms) = postSolution
		{95508320-D496-4091-91B5-947C77AD9763}.Debug|x64.ActiveCfg = Debug|x64
		{95508320-D496-4091-91B5-947C77AD9763}.Debug|x64.Build.0 = Debug|x64
		{95508320-D496-4091-91B5-947C77AD9763}.Release|x64.ActiveCfg = Release|x64
		{95508320-D496-4091-91B5-947C77AD9763}.Release|x64.Build.0 = Release|x64
	EndGlobalSection
	GlobalSection(SolutionProperties) = preSolution
		HideSolutionNode = FALSE
	EndGlobalSection
	GlobalSection(ExtensibilityGlobals) = postSolution
		SolutionGuid = {61D9E000-08C1-44A3-ACA4-DDAD2E60A233}
	EndGlobalSection
EndGlobal
